
Microsoft Visual Studio Solution File, Format Version 12.00
# Visual Studio Version 17
VisualStudioVersion = 17.10.35004.147
MinimumVisualStudioVersion = 10.0.40219.1
Project("{FAE04EC0-301F-11D3-BF4B-00C04F79EFBC}") = "SmartMart", "SmartMart.csproj", "{ABAFD585-04F6-4C64-BF17-B71C8A438E25}"
EndProject
Project("{FAE04EC0-301F-11D3-BF4B-00C04F79EFBC}") = "KPT1.Tests", "..\KPT1.Tests\KPT1.Tests.csproj", "{92109960-6FFF-4327-B740-A76ED27841B5}"
EndProject
Global
	GlobalSection(SolutionConfigurationPlatforms) = preSolution
		Debug|Any CPU = Debug|Any CPU
		Release|Any CPU = Release|Any CPU
	EndGlobalSection
	GlobalSection(ProjectConfigurationPlatforms) = postSolution
		{ABAFD585-04F6-4C64-BF17-B71C8A438E25}.Debug|Any CPU.ActiveCfg = Debug|Any CPU
		{ABAFD585-04F6-4C64-BF17-B71C8A438E25}.Debug|Any CPU.Build.0 = Debug|Any CPU
		{ABAFD585-04F6-4C64-BF17-B71C8A438E25}.Release|Any CPU.ActiveCfg = Release|Any CPU
		{ABAFD585-04F6-4C64-BF17-B71C8A438E25}.Release|Any CPU.Build.0 = Release|Any CPU
		{92109960-6FFF-4327-B740-A76ED27841B5}.Debug|Any CPU.ActiveCfg = Debug|Any CPU
		{92109960-6FFF-4327-B740-A76ED27841B5}.Debug|Any CPU.Build.0 = Debug|Any CPU
		{92109960-6FFF-4327-B740-A76ED27841B5}.Release|Any CPU.ActiveCfg = Release|Any CPU
		{92109960-6FFF-4327-B740-A76ED27841B5}.Release|Any CPU.Build.0 = Release|Any CPU
	EndGlobalSection
	GlobalSection(SolutionProperties) = preSolution
		HideSolutionNode = FALSE
	EndGlobalSection
	GlobalSection(ExtensibilityGlobals) = postSolution
		SolutionGuid = {E4ECF008-1EA0-4570-B14C-7C2A5DD18C87}
	EndGlobalSection
EndGlobal
